# This file is automatically @generated by Cargo.
# It is not intended for manual editing.
version = 3

[[package]]
name = "section01_variables"
version = "0.1.0"

[[package]]
name = "section02_slice"
version = "0.1.0"

[[package]]
name = "section03_struct"
version = "0.1.0"

[[package]]
name = "section04_ownership"
version = "0.1.0"

[[package]]
name = "section05_compound_type"
version = "0.1.0"

[[package]]
name = "section06_trait"
version = "0.1.0"

[[package]]
name = "section07_trait-object"
version = "0.1.0"

[[package]]
name = "section08_vector"
version = "0.1.0"

[[package]]
name = "section09_type-convert"
version = "0.1.0"

[[package]]
name = "section10_lifetime"
version = "0.1.0"

[[package]]
name = "section11_closure"
version = "0.1.0"

[[package]]
name = "section12_iterator"
version = "0.1.0"

[[package]]
name = "section13_smart_pointer"
version = "0.1.0"

[[package]]
name = "section14_threads"
version = "0.1.0"
