# This file is automatically @generated by Cargo.
# It is not intended for manual editing.
version = 3

[[package]]
name = "section01_variables"
version = "0.1.0"

[[package]]
name = "section02_slice"
version = "0.1.0"

[[package]]
name = "section03_struct"
version = "0.1.0"

[[package]]
name = "section04_ownership"
version = "0.1.0"

[[package]]
name = "section05_compound_type"
version = "0.1.0"
